
Microsoft Visual Studio Solution File, Format Version 12.00
# Visual Studio Version 17
VisualStudioVersion = 17.9.34622.214
MinimumVisualStudioVersion = 10.0.40219.1
Project("{9A19103F-16F7-4668-BE54-9A1E7A4F7556}") = "MntPlus.WPF", "MntPlus.WPF.csproj", "{2CBAD0EA-0D55-418A-AC76-A9FBDC74802D}"
EndProject
Project("{9A19103F-16F7-4668-BE54-9A1E7A4F7556}") = "Entities", "..\Entities\Entities.csproj", "{0888FF4F-FF55-4267-90D2-E98F22E8E6ED}"
EndProject
Project("{9A19103F-16F7-4668-BE54-9A1E7A4F7556}") = "Repository", "..\Repository\Repository.csproj", "{C3EF2028-D7F5-4865-AB75-B5413B3345DD}"
EndProject
Project("{9A19103F-16F7-4668-BE54-9A1E7A4F7556}") = "Contracts", "..\Contracts\Contracts.csproj", "{60FB2806-9D5C-4866-856D-0F8234445440}"
EndProject
Project("{9A19103F-16F7-4668-BE54-9A1E7A4F7556}") = "Service.Contracts", "..\Service.Contracts\Service.Contracts.csproj", "{9314EA71-0068-4BD7-932E-B4F6E37B4590}"
EndProject
Project("{9A19103F-16F7-4668-BE54-9A1E7A4F7556}") = "Service", "..\Service\Service.csproj", "{A77C84D5-2D50-4CA1-BDDD-457F2E8D8714}"
EndProject
Project("{9A19103F-16F7-4668-BE54-9A1E7A4F7556}") = "Presentation", "..\Presentation\Presentation.csproj", "{BD12BA56-4814-48F3-BF6A-8F29D43D9EFA}"
EndProject
Project("{9A19103F-16F7-4668-BE54-9A1E7A4F7556}") = "LoggerService", "..\LoggerService\LoggerService.csproj", "{42E072A8-4727-4B8F-836E-9F7549B89F5F}"
EndProject
Project("{9A19103F-16F7-4668-BE54-9A1E7A4F7556}") = "Shared", "..\Shared\Shared.csproj", "{13A4311B-4714-4349-AB62-352B6769AE9A}"
EndProject
Project("{9A19103F-16F7-4668-BE54-9A1E7A4F7556}") = "MntPlus.API", "..\MntPlus.API\MntPlus.API.csproj", "{B7DB173F-B3C1-4C75-AA30-0262A3EDFAF0}"
EndProject
Global
	GlobalSection(SolutionConfigurationPlatforms) = preSolution
		Debug|Any CPU = Debug|Any CPU
		Release|Any CPU = Release|Any CPU
	EndGlobalSection
	GlobalSection(ProjectConfigurationPlatforms) = postSolution
		{2CBAD0EA-0D55-418A-AC76-A9FBDC74802D}.Debug|Any CPU.ActiveCfg = Debug|Any CPU
		{2CBAD0EA-0D55-418A-AC76-A9FBDC74802D}.Debug|Any CPU.Build.0 = Debug|Any CPU
		{2CBAD0EA-0D55-418A-AC76-A9FBDC74802D}.Release|Any CPU.ActiveCfg = Release|Any CPU
		{2CBAD0EA-0D55-418A-AC76-A9FBDC74802D}.Release|Any CPU.Build.0 = Release|Any CPU
		{0888FF4F-FF55-4267-90D2-E98F22E8E6ED}.Debug|Any CPU.ActiveCfg = Debug|Any CPU
		{0888FF4F-FF55-4267-90D2-E98F22E8E6ED}.Debug|Any CPU.Build.0 = Debug|Any CPU
		{0888FF4F-FF55-4267-90D2-E98F22E8E6ED}.Release|Any CPU.ActiveCfg = Release|Any CPU
		{0888FF4F-FF55-4267-90D2-E98F22E8E6ED}.Release|Any CPU.Build.0 = Release|Any CPU
		{C3EF2028-D7F5-4865-AB75-B5413B3345DD}.Debug|Any CPU.ActiveCfg = Debug|Any CPU
		{C3EF2028-D7F5-4865-AB75-B5413B3345DD}.Debug|Any CPU.Build.0 = Debug|Any CPU
		{C3EF2028-D7F5-4865-AB75-B5413B3345DD}.Release|Any CPU.ActiveCfg = Release|Any CPU
		{C3EF2028-D7F5-4865-AB75-B5413B3345DD}.Release|Any CPU.Build.0 = Release|Any CPU
		{60FB2806-9D5C-4866-856D-0F8234445440}.Debug|Any CPU.ActiveCfg = Debug|Any CPU
		{60FB2806-9D5C-4866-856D-0F8234445440}.Debug|Any CPU.Build.0 = Debug|Any CPU
		{60FB2806-9D5C-4866-856D-0F8234445440}.Release|Any CPU.ActiveCfg = Release|Any CPU
		{60FB2806-9D5C-4866-856D-0F8234445440}.Release|Any CPU.Build.0 = Release|Any CPU
		{9314EA71-0068-4BD7-932E-B4F6E37B4590}.Debug|Any CPU.ActiveCfg = Debug|Any CPU
		{9314EA71-0068-4BD7-932E-B4F6E37B4590}.Debug|Any CPU.Build.0 = Debug|Any CPU
		{9314EA71-0068-4BD7-932E-B4F6E37B4590}.Release|Any CPU.ActiveCfg = Release|Any CPU
		{9314EA71-0068-4BD7-932E-B4F6E37B4590}.Release|Any CPU.Build.0 = Release|Any CPU
		{A77C84D5-2D50-4CA1-BDDD-457F2E8D8714}.Debug|Any CPU.ActiveCfg = Debug|Any CPU
		{A77C84D5-2D50-4CA1-BDDD-457F2E8D8714}.Debug|Any CPU.Build.0 = Debug|Any CPU
		{A77C84D5-2D50-4CA1-BDDD-457F2E8D8714}.Release|Any CPU.ActiveCfg = Release|Any CPU
		{A77C84D5-2D50-4CA1-BDDD-457F2E8D8714}.Release|Any CPU.Build.0 = Release|Any CPU
		{BD12BA56-4814-48F3-BF6A-8F29D43D9EFA}.Debug|Any CPU.ActiveCfg = Debug|Any CPU
		{BD12BA56-4814-48F3-BF6A-8F29D43D9EFA}.Debug|Any CPU.Build.0 = Debug|Any CPU
		{BD12BA56-4814-48F3-BF6A-8F29D43D9EFA}.Release|Any CPU.ActiveCfg = Release|Any CPU
		{BD12BA56-4814-48F3-BF6A-8F29D43D9EFA}.Release|Any CPU.Build.0 = Release|Any CPU
		{42E072A8-4727-4B8F-836E-9F7549B89F5F}.Debug|Any CPU.ActiveCfg = Debug|Any CPU
		{42E072A8-4727-4B8F-836E-9F7549B89F5F}.Debug|Any CPU.Build.0 = Debug|Any CPU
		{42E072A8-4727-4B8F-836E-9F7549B89F5F}.Release|Any CPU.ActiveCfg = Release|Any CPU
		{42E072A8-4727-4B8F-836E-9F7549B89F5F}.Release|Any CPU.Build.0 = Release|Any CPU
		{13A4311B-4714-4349-AB62-352B6769AE9A}.Debug|Any CPU.ActiveCfg = Debug|Any CPU
		{13A4311B-4714-4349-AB62-352B6769AE9A}.Debug|Any CPU.Build.0 = Debug|Any CPU
		{13A4311B-4714-4349-AB62-352B6769AE9A}.Release|Any CPU.ActiveCfg = Release|Any CPU
		{13A4311B-4714-4349-AB62-352B6769AE9A}.Release|Any CPU.Build.0 = Release|Any CPU
		{B7DB173F-B3C1-4C75-AA30-0262A3EDFAF0}.Debug|Any CPU.ActiveCfg = Debug|Any CPU
		{B7DB173F-B3C1-4C75-AA30-0262A3EDFAF0}.Debug|Any CPU.Build.0 = Debug|Any CPU
		{B7DB173F-B3C1-4C75-AA30-0262A3EDFAF0}.Release|Any CPU.ActiveCfg = Release|Any CPU
		{B7DB173F-B3C1-4C75-AA30-0262A3EDFAF0}.Release|Any CPU.Build.0 = Release|Any CPU
	EndGlobalSection
	GlobalSection(SolutionProperties) = preSolution
		HideSolutionNode = FALSE
	EndGlobalSection
	GlobalSection(ExtensibilityGlobals) = postSolution
		SolutionGuid = {53782640-7710-4DAE-842B-1C3B609B73D9}
	EndGlobalSection
EndGlobal
